// !$*UTF8*$!
{
	archiveVersion = 1;
	classes = {
	};
	objectVersion = 50;
	objects = {

/* Begin PBXBuildFile section */
		09418F6025D594A600660315 /* MediumFooterApp.swift in Sources */ = {isa = PBXBuildFile; fileRef = 09418F5F25D594A600660315 /* MediumFooterApp.swift */; };
		09418F6225D594A600660315 /* ContentView.swift in Sources */ = {isa = PBXBuildFile; fileRef = 09418F6125D594A600660315 /* ContentView.swift */; };
		09418F6425D594A900660315 /* Assets.xcassets in Resources */ = {isa = PBXBuildFile; fileRef = 09418F6325D594A900660315 /* Assets.xcassets */; };
		09418F6725D594A900660315 /* Preview Assets.xcassets in Resources */ = {isa = PBXBuildFile; fileRef = 09418F6625D594A900660315 /* Preview Assets.xcassets */; };
		09418F7225D5952000660315 /* Home.swift in Sources */ = {isa = PBXBuildFile; fileRef = 09418F7125D5952000660315 /* Home.swift */; };
		09418F7625D5C7AB00660315 /* Article.swift in Sources */ = {isa = PBXBuildFile; fileRef = 09418F7525D5C7AB00660315 /* Article.swift */; };
		09418F7925D5DB4000660315 /* FooterView.swift in Sources */ = {isa = PBXBuildFile; fileRef = 09418F7825D5DB4000660315 /* FooterView.swift */; };
/* End PBXBuildFile section */

/* Begin PBXFileReference section */
		09418F5C25D594A600660315 /* MediumFooter.app */ = {isa = PBXFileReference; explicitFileType = wrapper.application; includeInIndex = 0; path = MediumFooter.app; sourceTree = BUILT_PRODUCTS_DIR; };
		09418F5F25D594A600660315 /* MediumFooterApp.swift */ = {isa = PBXFileReference; lastKnownFileType = sourcecode.swift; path = MediumFooterApp.swift; sourceTree = "<group>"; };
		09418F6125D594A600660315 /* ContentView.swift */ = {isa = PBXFileReference; lastKnownFileType = sourcecode.swift; path = ContentView.swift; sourceTree = "<group>"; };
		09418F6325D594A900660315 /* Assets.xcassets */ = {isa = PBXFileReference; lastKnownFileType = folder.assetcatalog; path = Assets.xcassets; sourceTree = "<group>"; };
		09418F6625D594A900660315 /* Preview Assets.xcassets */ = {isa = PBXFileReference; lastKnownFileType = folder.assetcatalog; path = "Preview Assets.xcassets"; sourceTree = "<group>"; };
		09418F6825D594A900660315 /* Info.plist */ = {isa = PBXFileReference; lastKnownFileType = text.plist.xml; path = Info.plist; sourceTree = "<group>"; };
		09418F7125D5952000660315 /* Home.swift */ = {isa = PBXFileReference; lastKnownFileType = sourcecode.swift; path = Home.swift; sourceTree = "<group>"; };
		09418F7525D5C7AB00660315 /* Article.swift */ = {isa = PBXFileReference; lastKnownFileType = sourcecode.swift; path = Article.swift; sourceTree = "<group>"; };
		09418F7825D5DB4000660315 /* FooterView.swift */ = {isa = PBXFileReference; lastKnownFileType = sourcecode.swift; path = FooterView.swift; sourceTree = "<group>"; };
/* End PBXFileReference section */

/* Begin PBXFrameworksBuildPhase section */
		09418F5925D594A600660315 /* Frameworks */ = {
			isa = PBXFrameworksBuildPhase;
			buildActionMask = 2147483647;
			files = (
			);
			runOnlyForDeploymentPostprocessing = 0;
		};
/* End PBXFrameworksBuildPhase section */

/* Begin PBXGroup section */
		09418F5325D594A600660315 = {
			isa = PBXGroup;
			children = (
				09418F5E25D594A600660315 /* MediumFooter */,
				09418F5D25D594A600660315 /* Products */,
			);
			sourceTree = "<group>";
		};
		09418F5D25D594A600660315 /* Products */ = {
			isa = PBXGroup;
			children = (
				09418F5C25D594A600660315 /* MediumFooter.app */,
			);
			name = Products;
			sourceTree = "<group>";
		};
		09418F5E25D594A600660315 /* MediumFooter */ = {
			isa = PBXGroup;
			children = (
				09418F7025D5951800660315 /* Model */,
				09418F6F25D5951200660315 /* View */,
				09418F5F25D594A600660315 /* MediumFooterApp.swift */,
				09418F6125D594A600660315 /* ContentView.swift */,
				09418F6325D594A900660315 /* Assets.xcassets */,
				09418F6825D594A900660315 /* Info.plist */,
				09418F6525D594A900660315 /* Preview Content */,
			);
			path = MediumFooter;
			sourceTree = "<group>";
		};
		09418F6525D594A900660315 /* Preview Content */ = {
			isa = PBXGroup;
			children = (
				09418F6625D594A900660315 /* Preview Assets.xcassets */,
			);
			path = "Preview Content";
			sourceTree = "<group>";
		};
		09418F6F25D5951200660315 /* View */ = {
			isa = PBXGroup;
			children = (
				09418F7125D5952000660315 /* Home.swift */,
				09418F7825D5DB4000660315 /* FooterView.swift */,
			);
			path = View;
			sourceTree = "<group>";
		};
		09418F7025D5951800660315 /* Model */ = {
			isa = PBXGroup;
			children = (
				09418F7525D5C7AB00660315 /* Article.swift */,
			);
			path = Model;
			sourceTree = "<group>";
		};
/* End PBXGroup section */

/* Begin PBXNativeTarget section */
		09418F5B25D594A600660315 /* MediumFooter */ = {
			isa = PBXNativeTarget;
			buildConfigurationList = 09418F6B25D594A900660315 /* Build configuration list for PBXNativeTarget "MediumFooter" */;
			buildPhases = (
				09418F5825D594A600660315 /* Sources */,
				09418F5925D594A600660315 /* Frameworks */,
				09418F5A25D594A600660315 /* Resources */,
			);
			buildRules = (
			);
			dependencies = (
			);
			name = MediumFooter;
			productName = MediumFooter;
			productReference = 09418F5C25D594A600660315 /* MediumFooter.app */;
			productType = "com.apple.product-type.application";
		};
/* End PBXNativeTarget section */

/* Begin PBXProject section */
		09418F5425D594A600660315 /* Project object */ = {
			isa = PBXProject;
			attributes = {
				LastSwiftUpdateCheck = 1220;
				LastUpgradeCheck = 1220;
				TargetAttributes = {
					09418F5B25D594A600660315 = {
						CreatedOnToolsVersion = 12.2;
					};
				};
			};
			buildConfigurationList = 09418F5725D594A600660315 /* Build configuration list for PBXProject "MediumFooter" */;
			compatibilityVersion = "Xcode 9.3";
			developmentRegion = en;
			hasScannedForEncodings = 0;
			knownRegions = (
				en,
				Base,
			);
			mainGroup = 09418F5325D594A600660315;
			productRefGroup = 09418F5D25D594A600660315 /* Products */;
			projectDirPath = "";
			projectRoot = "";
			targets = (
				09418F5B25D594A600660315 /* MediumFooter */,
			);
		};
/* End PBXProject section */

/* Begin PBXResourcesBuildPhase section */
		09418F5A25D594A600660315 /* Resources */ = {
			isa = PBXResourcesBuildPhase;
			buildActionMask = 2147483647;
			files = (
				09418F6725D594A900660315 /* Preview Assets.xcassets in Resources */,
				09418F6425D594A900660315 /* Assets.xcassets in Resources */,
			);
			runOnlyForDeploymentPostprocessing = 0;
		};
/* End PBXResourcesBuildPhase section */

/* Begin PBXSourcesBuildPhase section */
		09418F5825D594A600660315 /* Sources */ = {
			isa = PBXSourcesBuildPhase;
			buildActionMask = 2147483647;
			files = (
				09418F7625D5C7AB00660315 /* Article.swift in Sources */,
				09418F6225D594A600660315 /* ContentView.swift in Sources */,
				09418F7225D5952000660315 /* Home.swift in Sources */,
				09418F7925D5DB4000660315 /* FooterView.swift in Sources */,
				09418F6025D594A600660315 /* MediumFooterApp.swift in Sources */,
			);
			runOnlyForDeploymentPostprocessing = 0;
		};
/* End PBXSourcesBuildPhase section */

/* Begin XCBuildConfiguration section */
		09418F6925D594A900660315 /* Debug */ = {
			isa = XCBuildConfiguration;
			buildSettings = {
				ALWAYS_SEARCH_USER_PATHS = NO;
				CLANG_ANALYZER_NONNULL = YES;
				CLANG_ANALYZER_NUMBER_OBJECT_CONVERSION = YES_AGGRESSIVE;
				CLANG_CXX_LANGUAGE_STANDARD = "gnu++14";
				CLANG_CXX_LIBRARY = "libc++";
				CLANG_ENABLE_MODULES = YES;
				CLANG_ENABLE_OBJC_ARC = YES;
				CLANG_ENABLE_OBJC_WEAK = YES;
				CLANG_WARN_BLOCK_CAPTURE_AUTORELEASING = YES;
				CLANG_WARN_BOOL_CONVERSION = YES;
				CLANG_WARN_COMMA = YES;
				CLANG_WARN_CONSTANT_CONVERSION = YES;
				CLANG_WARN_DEPRECATED_OBJC_IMPLEMENTATIONS = YES;
				CLANG_WARN_DIRECT_OBJC_ISA_USAGE = YES_ERROR;
				CLANG_WARN_DOCUMENTATION_COMMENTS = YES;
				CLANG_WARN_EMPTY_BODY = YES;
				CLANG_WARN_ENUM_CONVERSION = YES;
				CLANG_WARN_INFINITE_RECURSION = YES;
				CLANG_WARN_INT_CONVERSION = YES;
				CLANG_WARN_NON_LITERAL_NULL_CONVERSION = YES;
				CLANG_WARN_OBJC_IMPLICIT_RETAIN_SELF = YES;
				CLANG_WARN_OBJC_LITERAL_CONVERSION = YES;
				CLANG_WARN_OBJC_ROOT_CLASS = YES_ERROR;
				CLANG_WARN_QUOTED_INCLUDE_IN_FRAMEWORK_HEADER = YES;
				CLANG_WARN_RANGE_LOOP_ANALYSIS = YES;
				CLANG_WARN_STRICT_PROTOTYPES = YES;
				CLANG_WARN_SUSPICIOUS_MOVE = YES;
				CLANG_WARN_UNGUARDED_AVAILABILITY = YES_AGGRESSIVE;
				CLANG_WARN_UNREACHABLE_CODE = YES;
				CLANG_WARN__DUPLICATE_METHOD_MATCH = YES;
				COPY_PHASE_STRIP = NO;
				DEBUG_INFORMATION_FORMAT = dwarf;
				ENABLE_STRICT_OBJC_MSGSEND = YES;
				ENABLE_TESTABILITY = YES;
				GCC_C_LANGUAGE_STANDARD = gnu11;
				GCC_DYNAMIC_NO_PIC = NO;
				GCC_NO_COMMON_BLOCKS = YES;
				GCC_OPTIMIZATION_LEVEL = 0;
				GCC_PREPROCESSOR_DEFINITIONS = (
					"DEBUG=1",
					"$(inherited)",
				);
				GCC_WARN_64_TO_32_BIT_CONVERSION = YES;
				GCC_WARN_ABOUT_RETURN_TYPE = YES_ERROR;
				GCC_WARN_UNDECLARED_SELECTOR = YES;
				GCC_WARN_UNINITIALIZED_AUTOS = YES_AGGRESSIVE;
				GCC_WARN_UNUSED_FUNCTION = YES;
				GCC_WARN_UNUSED_VARIABLE = YES;
				IPHONEOS_DEPLOYMENT_TARGET = 14.2;
				MTL_ENABLE_DEBUG_INFO = INCLUDE_SOURCE;
				MTL_FAST_MATH = YES;
				ONLY_ACTIVE_ARCH = YES;
				SDKROOT = iphoneos;
				SWIFT_ACTIVE_COMPILATION_CONDITIONS = DEBUG;
				SWIFT_OPTIMIZATION_LEVEL = "-Onone";
			};
			name = Debug;
		};
		09418F6A25D594A900660315 /* Release */ = {
			isa = XCBuildConfiguration;
			buildSettings = {
				ALWAYS_SEARCH_USER_PATHS = NO;
				CLANG_ANALYZER_NONNULL = YES;
				CLANG_ANALYZER_NUMBER_OBJECT_CONVERSION = YES_AGGRESSIVE;
				CLANG_CXX_LANGUAGE_STANDARD = "gnu++14";
				CLANG_CXX_LIBRARY = "libc++";
				CLANG_ENABLE_MODULES = YES;
				CLANG_ENABLE_OBJC_ARC = YES;
				CLANG_ENABLE_OBJC_WEAK = YES;
				CLANG_WARN_BLOCK_CAPTURE_AUTORELEASING = YES;
				CLANG_WARN_BOOL_CONVERSION = YES;
				CLANG_WARN_COMMA = YES;
				CLANG_WARN_CONSTANT_CONVERSION = YES;
				CLANG_WARN_DEPRECATED_OBJC_IMPLEMENTATIONS = YES;
				CLANG_WARN_DIRECT_OBJC_ISA_USAGE = YES_ERROR;
				CLANG_WARN_DOCUMENTATION_COMMENTS = YES;
				CLANG_WARN_EMPTY_BODY = YES;
				CLANG_WARN_ENUM_CONVERSION = YES;
				CLANG_WARN_INFINITE_RECURSION = YES;
				CLANG_WARN_INT_CONVERSION = YES;
				CLANG_WARN_NON_LITERAL_NULL_CONVERSION = YES;
				CLANG_WARN_OBJC_IMPLICIT_RETAIN_SELF = YES;
				CLANG_WARN_OBJC_LITERAL_CONVERSION = YES;
				CLANG_WARN_OBJC_ROOT_CLASS = YES_ERROR;
				CLANG_WARN_QUOTED_INCLUDE_IN_FRAMEWORK_HEADER = YES;
				CLANG_WARN_RANGE_LOOP_ANALYSIS = YES;
				CLANG_WARN_STRICT_PROTOTYPES = YES;
				CLANG_WARN_SUSPICIOUS_MOVE = YES;
				CLANG_WARN_UNGUARDED_AVAILABILITY = YES_AGGRESSIVE;
				CLANG_WARN_UNREACHABLE_CODE = YES;
				CLANG_WARN__DUPLICATE_METHOD_MATCH = YES;
				COPY_PHASE_STRIP = NO;
				DEBUG_INFORMATION_FORMAT = "dwarf-with-dsym";
				ENABLE_NS_ASSERTIONS = NO;
				ENABLE_STRICT_OBJC_MSGSEND = YES;
				GCC_C_LANGUAGE_STANDARD = gnu11;
				GCC_NO_COMMON_BLOCKS = YES;
				GCC_WARN_64_TO_32_BIT_CONVERSION = YES;
				GCC_WARN_ABOUT_RETURN_TYPE = YES_ERROR;
				GCC_WARN_UNDECLARED_SELECTOR = YES;
				GCC_WARN_UNINITIALIZED_AUTOS = YES_AGGRESSIVE;
				GCC_WARN_UNUSED_FUNCTION = YES;
				GCC_WARN_UNUSED_VARIABLE = YES;
				IPHONEOS_DEPLOYMENT_TARGET = 14.2;
				MTL_ENABLE_DEBUG_INFO = NO;
				MTL_FAST_MATH = YES;
				SDKROOT = iphoneos;
				SWIFT_COMPILATION_MODE = wholemodule;
				SWIFT_OPTIMIZATION_LEVEL = "-O";
				VALIDATE_PRODUCT = YES;
			};
			name = Release;
		};
		09418F6C25D594A900660315 /* Debug */ = {
			isa = XCBuildConfiguration;
			buildSettings = {
				ASSETCATALOG_COMPILER_APPICON_NAME = AppIcon;
				ASSETCATALOG_COMPILER_GLOBAL_ACCENT_COLOR_NAME = AccentColor;
				CODE_SIGN_STYLE = Automatic;
				DEVELOPMENT_ASSET_PATHS = "\"MediumFooter/Preview Content\"";
				DEVELOPMENT_TEAM = XC48HTB69A;
				ENABLE_PREVIEWS = YES;
				INFOPLIST_FILE = MediumFooter/Info.plist;
				IPHONEOS_DEPLOYMENT_TARGET = 14.0;
				LD_RUNPATH_SEARCH_PATHS = (
					"$(inherited)",
					"@executable_path/Frameworks",
				);
				PRODUCT_BUNDLE_IDENTIFIER = co.rjhrabowskie.MediumFooter;
				PRODUCT_NAME = "$(TARGET_NAME)";
				SWIFT_VERSION = 5.0;
				TARGETED_DEVICE_FAMILY = "1,2";
			};
			name = Debug;
		};
		09418F6D25D594A900660315 /* Release */ = {
			isa = XCBuildConfiguration;
			buildSettings = {
				ASSETCATALOG_COMPILER_APPICON_NAME = AppIcon;
				ASSETCATALOG_COMPILER_GLOBAL_ACCENT_COLOR_NAME = AccentColor;
				CODE_SIGN_STYLE = Automatic;
				DEVELOPMENT_ASSET_PATHS = "\"MediumFooter/Preview Content\"";
				DEVELOPMENT_TEAM = XC48HTB69A;
				ENABLE_PREVIEWS = YES;
				INFOPLIST_FILE = MediumFooter/Info.plist;
				IPHONEOS_DEPLOYMENT_TARGET = 14.0;
				LD_RUNPATH_SEARCH_PATHS = (
					"$(inherited)",
					"@executable_path/Frameworks",
				);
				PRODUCT_BUNDLE_IDENTIFIER = co.rjhrabowskie.MediumFooter;
				PRODUCT_NAME = "$(TARGET_NAME)";
				SWIFT_VERSION = 5.0;
				TARGETED_DEVICE_FAMILY = "1,2";
			};
			name = Release;
		};
/* End XCBuildConfiguration section */

/* Begin XCConfigurationList section */
		09418F5725D594A600660315 /* Build configuration list for PBXProject "MediumFooter" */ = {
			isa = XCConfigurationList;
			buildConfigurations = (
				09418F6925D594A900660315 /* Debug */,
				09418F6A25D594A900660315 /* Release */,
			);
			defaultConfigurationIsVisible = 0;
			defaultConfigurationName = Release;
		};
		09418F6B25D594A900660315 /* Build configuration list for PBXNativeTarget "MediumFooter" */ = {
			isa = XCConfigurationList;
			buildConfigurations = (
				09418F6C25D594A900660315 /* Debug */,
				09418F6D25D594A900660315 /* Release */,
			);
			defaultConfigurationIsVisible = 0;
			defaultConfigurationName = Release;
		};
/* End XCConfigurationList section */
	};
	rootObject = 09418F5425D594A600660315 /* Project object */;
}
